// !$*UTF8*$!
{
	archiveVersion = 1;
	classes = {
	};
	objectVersion = 50;
	objects = {

/* Begin PBXBuildFile section */
		76A2AB0225006D5000E709A9 /* AppDelegate.swift in Sources */ = {isa = PBXBuildFile; fileRef = 76A2AB0125006D5000E709A9 /* AppDelegate.swift */; };
		76A2AB0425006D5000E709A9 /* SceneDelegate.swift in Sources */ = {isa = PBXBuildFile; fileRef = 76A2AB0325006D5000E709A9 /* SceneDelegate.swift */; };
		76A2AB0625006D5000E709A9 /* ContentView.swift in Sources */ = {isa = PBXBuildFile; fileRef = 76A2AB0525006D5000E709A9 /* ContentView.swift */; };
		76A2AB0825006D5700E709A9 /* Assets.xcassets in Resources */ = {isa = PBXBuildFile; fileRef = 76A2AB0725006D5700E709A9 /* Assets.xcassets */; };
		76A2AB0B25006D5700E709A9 /* Preview Assets.xcassets in Resources */ = {isa = PBXBuildFile; fileRef = 76A2AB0A25006D5700E709A9 /* Preview Assets.xcassets */; };
		76A2AB0E25006D5700E709A9 /* LaunchScreen.storyboard in Resources */ = {isa = PBXBuildFile; fileRef = 76A2AB0C25006D5700E709A9 /* LaunchScreen.storyboard */; };
		76A2AB1925006D5700E709A9 /* I_am_rich_SwiftUITests.swift in Sources */ = {isa = PBXBuildFile; fileRef = 76A2AB1825006D5700E709A9 /* I_am_rich_SwiftUITests.swift */; };
		76A2AB2425006D5700E709A9 /* I_am_rich_SwiftUIUITests.swift in Sources */ = {isa = PBXBuildFile; fileRef = 76A2AB2325006D5700E709A9 /* I_am_rich_SwiftUIUITests.swift */; };
/* End PBXBuildFile section */

/* Begin PBXContainerItemProxy section */
		76A2AB1525006D5700E709A9 /* PBXContainerItemProxy */ = {
			isa = PBXContainerItemProxy;
			containerPortal = 76A2AAF625006D5000E709A9 /* Project object */;
			proxyType = 1;
			remoteGlobalIDString = 76A2AAFD25006D5000E709A9;
			remoteInfo = "I am rich SwiftUI";
		};
		76A2AB2025006D5700E709A9 /* PBXContainerItemProxy */ = {
			isa = PBXContainerItemProxy;
			containerPortal = 76A2AAF625006D5000E709A9 /* Project object */;
			proxyType = 1;
			remoteGlobalIDString = 76A2AAFD25006D5000E709A9;
			remoteInfo = "I am rich SwiftUI";
		};
/* End PBXContainerItemProxy section */

/* Begin PBXFileReference section */
		76A2AAFE25006D5000E709A9 /* I am rich SwiftUI.app */ = {isa = PBXFileReference; explicitFileType = wrapper.application; includeInIndex = 0; path = "I am rich SwiftUI.app"; sourceTree = BUILT_PRODUCTS_DIR; };
		76A2AB0125006D5000E709A9 /* AppDelegate.swift */ = {isa = PBXFileReference; lastKnownFileType = sourcecode.swift; path = AppDelegate.swift; sourceTree = "<group>"; };
		76A2AB0325006D5000E709A9 /* SceneDelegate.swift */ = {isa = PBXFileReference; lastKnownFileType = sourcecode.swift; path = SceneDelegate.swift; sourceTree = "<group>"; };
		76A2AB0525006D5000E709A9 /* ContentView.swift */ = {isa = PBXFileReference; lastKnownFileType = sourcecode.swift; path = ContentView.swift; sourceTree = "<group>"; };
		76A2AB0725006D5700E709A9 /* Assets.xcassets */ = {isa = PBXFileReference; lastKnownFileType = folder.assetcatalog; path = Assets.xcassets; sourceTree = "<group>"; };
		76A2AB0A25006D5700E709A9 /* Preview Assets.xcassets */ = {isa = PBXFileReference; lastKnownFileType = folder.assetcatalog; path = "Preview Assets.xcassets"; sourceTree = "<group>"; };
		76A2AB0D25006D5700E709A9 /* Base */ = {isa = PBXFileReference; lastKnownFileType = file.storyboard; name = Base; path = Base.lproj/LaunchScreen.storyboard; sourceTree = "<group>"; };
		76A2AB0F25006D5700E709A9 /* Info.plist */ = {isa = PBXFileReference; lastKnownFileType = text.plist.xml; path = Info.plist; sourceTree = "<group>"; };
		76A2AB1425006D5700E709A9 /* I am rich SwiftUITests.xctest */ = {isa = PBXFileReference; explicitFileType = wrapper.cfbundle; includeInIndex = 0; path = "I am rich SwiftUITests.xctest"; sourceTree = BUILT_PRODUCTS_DIR; };
		76A2AB1825006D5700E709A9 /* I_am_rich_SwiftUITests.swift */ = {isa = PBXFileReference; lastKnownFileType = sourcecode.swift; path = I_am_rich_SwiftUITests.swift; sourceTree = "<group>"; };
		76A2AB1A25006D5700E709A9 /* Info.plist */ = {isa = PBXFileReference; lastKnownFileType = text.plist.xml; path = Info.plist; sourceTree = "<group>"; };
		76A2AB1F25006D5700E709A9 /* I am rich SwiftUIUITests.xctest */ = {isa = PBXFileReference; explicitFileType = wrapper.cfbundle; includeInIndex = 0; path = "I am rich SwiftUIUITests.xctest"; sourceTree = BUILT_PRODUCTS_DIR; };
		76A2AB2325006D5700E709A9 /* I_am_rich_SwiftUIUITests.swift */ = {isa = PBXFileReference; lastKnownFileType = sourcecode.swift; path = I_am_rich_SwiftUIUITests.swift; sourceTree = "<group>"; };
		76A2AB2525006D5700E709A9 /* Info.plist */ = {isa = PBXFileReference; lastKnownFileType = text.plist.xml; path = Info.plist; sourceTree = "<group>"; };
/* End PBXFileReference section */

/* Begin PBXFrameworksBuildPhase section */
		76A2AAFB25006D5000E709A9 /* Frameworks */ = {
			isa = PBXFrameworksBuildPhase;
			buildActionMask = 2147483647;
			files = (
			);
			runOnlyForDeploymentPostprocessing = 0;
		};
		76A2AB1125006D5700E709A9 /* Frameworks */ = {
			isa = PBXFrameworksBuildPhase;
			buildActionMask = 2147483647;
			files = (
			);
			runOnlyForDeploymentPostprocessing = 0;
		};
		76A2AB1C25006D5700E709A9 /* Frameworks */ = {
			isa = PBXFrameworksBuildPhase;
			buildActionMask = 2147483647;
			files = (
			);
			runOnlyForDeploymentPostprocessing = 0;
		};
/* End PBXFrameworksBuildPhase section */

/* Begin PBXGroup section */
		76A2AAF525006D5000E709A9 = {
			isa = PBXGroup;
			children = (
				76A2AB0025006D5000E709A9 /* I am rich SwiftUI */,
				76A2AB1725006D5700E709A9 /* I am rich SwiftUITests */,
				76A2AB2225006D5700E709A9 /* I am rich SwiftUIUITests */,
				76A2AAFF25006D5000E709A9 /* Products */,
			);
			sourceTree = "<group>";
		};
		76A2AAFF25006D5000E709A9 /* Products */ = {
			isa = PBXGroup;
			children = (
				76A2AAFE25006D5000E709A9 /* I am rich SwiftUI.app */,
				76A2AB1425006D5700E709A9 /* I am rich SwiftUITests.xctest */,
				76A2AB1F25006D5700E709A9 /* I am rich SwiftUIUITests.xctest */,
			);
			name = Products;
			sourceTree = "<group>";
		};
		76A2AB0025006D5000E709A9 /* I am rich SwiftUI */ = {
			isa = PBXGroup;
			children = (
				76A2AB0125006D5000E709A9 /* AppDelegate.swift */,
				76A2AB0325006D5000E709A9 /* SceneDelegate.swift */,
				76A2AB0525006D5000E709A9 /* ContentView.swift */,
				76A2AB0725006D5700E709A9 /* Assets.xcassets */,
				76A2AB0C25006D5700E709A9 /* LaunchScreen.storyboard */,
				76A2AB0F25006D5700E709A9 /* Info.plist */,
				76A2AB0925006D5700E709A9 /* Preview Content */,
			);
			path = "I am rich SwiftUI";
			sourceTree = "<group>";
		};
		76A2AB0925006D5700E709A9 /* Preview Content */ = {
			isa = PBXGroup;
			children = (
				76A2AB0A25006D5700E709A9 /* Preview Assets.xcassets */,
			);
			path = "Preview Content";
			sourceTree = "<group>";
		};
		76A2AB1725006D5700E709A9 /* I am rich SwiftUITests */ = {
			isa = PBXGroup;
			children = (
				76A2AB1825006D5700E709A9 /* I_am_rich_SwiftUITests.swift */,
				76A2AB1A25006D5700E709A9 /* Info.plist */,
			);
			path = "I am rich SwiftUITests";
			sourceTree = "<group>";
		};
		76A2AB2225006D5700E709A9 /* I am rich SwiftUIUITests */ = {
			isa = PBXGroup;
			children = (
				76A2AB2325006D5700E709A9 /* I_am_rich_SwiftUIUITests.swift */,
				76A2AB2525006D5700E709A9 /* Info.plist */,
			);
			path = "I am rich SwiftUIUITests";
			sourceTree = "<group>";
		};
/* End PBXGroup section */

/* Begin PBXNativeTarget section */
		76A2AAFD25006D5000E709A9 /* I am rich SwiftUI */ = {
			isa = PBXNativeTarget;
			buildConfigurationList = 76A2AB2825006D5700E709A9 /* Build configuration list for PBXNativeTarget "I am rich SwiftUI" */;
			buildPhases = (
				76A2AAFA25006D5000E709A9 /* Sources */,
				76A2AAFB25006D5000E709A9 /* Frameworks */,
				76A2AAFC25006D5000E709A9 /* Resources */,
			);
			buildRules = (
			);
			dependencies = (
			);
			name = "I am rich SwiftUI";
			productName = "I am rich SwiftUI";
			productReference = 76A2AAFE25006D5000E709A9 /* I am rich SwiftUI.app */;
			productType = "com.apple.product-type.application";
		};
		76A2AB1325006D5700E709A9 /* I am rich SwiftUITests */ = {
			isa = PBXNativeTarget;
			buildConfigurationList = 76A2AB2B25006D5700E709A9 /* Build configuration list for PBXNativeTarget "I am rich SwiftUITests" */;
			buildPhases = (
				76A2AB1025006D5700E709A9 /* Sources */,
				76A2AB1125006D5700E709A9 /* Frameworks */,
				76A2AB1225006D5700E709A9 /* Resources */,
			);
			buildRules = (
			);
			dependencies = (
				76A2AB1625006D5700E709A9 /* PBXTargetDependency */,
			);
			name = "I am rich SwiftUITests";
			productName = "I am rich SwiftUITests";
			productReference = 76A2AB1425006D5700E709A9 /* I am rich SwiftUITests.xctest */;
			productType = "com.apple.product-type.bundle.unit-test";
		};
		76A2AB1E25006D5700E709A9 /* I am rich SwiftUIUITests */ = {
			isa = PBXNativeTarget;
			buildConfigurationList = 76A2AB2E25006D5700E709A9 /* Build configuration list for PBXNativeTarget "I am rich SwiftUIUITests" */;
			buildPhases = (
				76A2AB1B25006D5700E709A9 /* Sources */,
				76A2AB1C25006D5700E709A9 /* Frameworks */,
				76A2AB1D25006D5700E709A9 /* Resources */,
			);
			buildRules = (
			);
			dependencies = (
				76A2AB2125006D5700E709A9 /* PBXTargetDependency */,
			);
			name = "I am rich SwiftUIUITests";
			productName = "I am rich SwiftUIUITests";
			productReference = 76A2AB1F25006D5700E709A9 /* I am rich SwiftUIUITests.xctest */;
			productType = "com.apple.product-type.bundle.ui-testing";
		};
/* End PBXNativeTarget section */

/* Begin PBXProject section */
		76A2AAF625006D5000E709A9 /* Project object */ = {
			isa = PBXProject;
			attributes = {
				LastSwiftUpdateCheck = 1130;
				LastUpgradeCheck = 1130;
				ORGANIZATIONNAME = gustavo.lozano;
				TargetAttributes = {
					76A2AAFD25006D5000E709A9 = {
						CreatedOnToolsVersion = 11.3.1;
					};
					76A2AB1325006D5700E709A9 = {
						CreatedOnToolsVersion = 11.3.1;
						TestTargetID = 76A2AAFD25006D5000E709A9;
					};
					76A2AB1E25006D5700E709A9 = {
						CreatedOnToolsVersion = 11.3.1;
						TestTargetID = 76A2AAFD25006D5000E709A9;
					};
				};
			};
			buildConfigurationList = 76A2AAF925006D5000E709A9 /* Build configuration list for PBXProject "I am rich SwiftUI" */;
			compatibilityVersion = "Xcode 9.3";
			developmentRegion = en;
			hasScannedForEncodings = 0;
			knownRegions = (
				en,
				Base,
			);
			mainGroup = 76A2AAF525006D5000E709A9;
			productRefGroup = 76A2AAFF25006D5000E709A9 /* Products */;
			projectDirPath = "";
			projectRoot = "";
			targets = (
				76A2AAFD25006D5000E709A9 /* I am rich SwiftUI */,
				76A2AB1325006D5700E709A9 /* I am rich SwiftUITests */,
				76A2AB1E25006D5700E709A9 /* I am rich SwiftUIUITests */,
			);
		};
/* End PBXProject section */

/* Begin PBXResourcesBuildPhase section */
		76A2AAFC25006D5000E709A9 /* Resources */ = {
			isa = PBXResourcesBuildPhase;
			buildActionMask = 2147483647;
			files = (
				76A2AB0E25006D5700E709A9 /* LaunchScreen.storyboard in Resources */,
				76A2AB0B25006D5700E709A9 /* Preview Assets.xcassets in Resources */,
				76A2AB0825006D5700E709A9 /* Assets.xcassets in Resources */,
			);
			runOnlyForDeploymentPostprocessing = 0;
		};
		76A2AB1225006D5700E709A9 /* Resources */ = {
			isa = PBXResourcesBuildPhase;
			buildActionMask = 2147483647;
			files = (
			);
			runOnlyForDeploymentPostprocessing = 0;
		};
		76A2AB1D25006D5700E709A9 /* Resources */ = {
			isa = PBXResourcesBuildPhase;
			buildActionMask = 2147483647;
			files = (
			);
			runOnlyForDeploymentPostprocessing = 0;
		};
/* End PBXResourcesBuildPhase section */

/* Begin PBXSourcesBuildPhase section */
		76A2AAFA25006D5000E709A9 /* Sources */ = {
			isa = PBXSourcesBuildPhase;
			buildActionMask = 2147483647;
			files = (
				76A2AB0225006D5000E709A9 /* AppDelegate.swift in Sources */,
				76A2AB0425006D5000E709A9 /* SceneDelegate.swift in Sources */,
				76A2AB0625006D5000E709A9 /* ContentView.swift in Sources */,
			);
			runOnlyForDeploymentPostprocessing = 0;
		};
		76A2AB1025006D5700E709A9 /* Sources */ = {
			isa = PBXSourcesBuildPhase;
			buildActionMask = 2147483647;
			files = (
				76A2AB1925006D5700E709A9 /* I_am_rich_SwiftUITests.swift in Sources */,
			);
			runOnlyForDeploymentPostprocessing = 0;
		};
		76A2AB1B25006D5700E709A9 /* Sources */ = {
			isa = PBXSourcesBuildPhase;
			buildActionMask = 2147483647;
			files = (
				76A2AB2425006D5700E709A9 /* I_am_rich_SwiftUIUITests.swift in Sources */,
			);
			runOnlyForDeploymentPostprocessing = 0;
		};
/* End PBXSourcesBuildPhase section */

/* Begin PBXTargetDependency section */
		76A2AB1625006D5700E709A9 /* PBXTargetDependency */ = {
			isa = PBXTargetDependency;
			target = 76A2AAFD25006D5000E709A9 /* I am rich SwiftUI */;
			targetProxy = 76A2AB1525006D5700E709A9 /* PBXContainerItemProxy */;
		};
		76A2AB2125006D5700E709A9 /* PBXTargetDependency */ = {
			isa = PBXTargetDependency;
			target = 76A2AAFD25006D5000E709A9 /* I am rich SwiftUI */;
			targetProxy = 76A2AB2025006D5700E709A9 /* PBXContainerItemProxy */;
		};
/* End PBXTargetDependency section */

/* Begin PBXVariantGroup section */
		76A2AB0C25006D5700E709A9 /* LaunchScreen.storyboard */ = {
			isa = PBXVariantGroup;
			children = (
				76A2AB0D25006D5700E709A9 /* Base */,
			);
			name = LaunchScreen.storyboard;
			sourceTree = "<group>";
		};
/* End PBXVariantGroup section */

/* Begin XCBuildConfiguration section */
		76A2AB2625006D5700E709A9 /* Debug */ = {
			isa = XCBuildConfiguration;
			buildSettings = {
				ALWAYS_SEARCH_USER_PATHS = NO;
				CLANG_ANALYZER_NONNULL = YES;
				CLANG_ANALYZER_NUMBER_OBJECT_CONVERSION = YES_AGGRESSIVE;
				CLANG_CXX_LANGUAGE_STANDARD = "gnu++14";
				CLANG_CXX_LIBRARY = "libc++";
				CLANG_ENABLE_MODULES = YES;
				CLANG_ENABLE_OBJC_ARC = YES;
				CLANG_ENABLE_OBJC_WEAK = YES;
				CLANG_WARN_BLOCK_CAPTURE_AUTORELEASING = YES;
				CLANG_WARN_BOOL_CONVERSION = YES;
				CLANG_WARN_COMMA = YES;
				CLANG_WARN_CONSTANT_CONVERSION = YES;
				CLANG_WARN_DEPRECATED_OBJC_IMPLEMENTATIONS = YES;
				CLANG_WARN_DIRECT_OBJC_ISA_USAGE = YES_ERROR;
				CLANG_WARN_DOCUMENTATION_COMMENTS = YES;
				CLANG_WARN_EMPTY_BODY = YES;
				CLANG_WARN_ENUM_CONVERSION = YES;
				CLANG_WARN_INFINITE_RECURSION = YES;
				CLANG_WARN_INT_CONVERSION = YES;
				CLANG_WARN_NON_LITERAL_NULL_CONVERSION = YES;
				CLANG_WARN_OBJC_IMPLICIT_RETAIN_SELF = YES;
				CLANG_WARN_OBJC_LITERAL_CONVERSION = YES;
				CLANG_WARN_OBJC_ROOT_CLASS = YES_ERROR;
				CLANG_WARN_RANGE_LOOP_ANALYSIS = YES;
				CLANG_WARN_STRICT_PROTOTYPES = YES;
				CLANG_WARN_SUSPICIOUS_MOVE = YES;
				CLANG_WARN_UNGUARDED_AVAILABILITY = YES_AGGRESSIVE;
				CLANG_WARN_UNREACHABLE_CODE = YES;
				CLANG_WARN__DUPLICATE_METHOD_MATCH = YES;
				COPY_PHASE_STRIP = NO;
				DEBUG_INFORMATION_FORMAT = dwarf;
				ENABLE_STRICT_OBJC_MSGSEND = YES;
				ENABLE_TESTABILITY = YES;
				GCC_C_LANGUAGE_STANDARD = gnu11;
				GCC_DYNAMIC_NO_PIC = NO;
				GCC_NO_COMMON_BLOCKS = YES;
				GCC_OPTIMIZATION_LEVEL = 0;
				GCC_PREPROCESSOR_DEFINITIONS = (
					"DEBUG=1",
					"$(inherited)",
				);
				GCC_WARN_64_TO_32_BIT_CONVERSION = YES;
				GCC_WARN_ABOUT_RETURN_TYPE = YES_ERROR;
				GCC_WARN_UNDECLARED_SELECTOR = YES;
				GCC_WARN_UNINITIALIZED_AUTOS = YES_AGGRESSIVE;
				GCC_WARN_UNUSED_FUNCTION = YES;
				GCC_WARN_UNUSED_VARIABLE = YES;
				IPHONEOS_DEPLOYMENT_TARGET = 13.2;
				MTL_ENABLE_DEBUG_INFO = INCLUDE_SOURCE;
				MTL_FAST_MATH = YES;
				ONLY_ACTIVE_ARCH = YES;
				SDKROOT = iphoneos;
				SWIFT_ACTIVE_COMPILATION_CONDITIONS = DEBUG;
				SWIFT_OPTIMIZATION_LEVEL = "-Onone";
			};
			name = Debug;
		};
		76A2AB2725006D5700E709A9 /* Release */ = {
			isa = XCBuildConfiguration;
			buildSettings = {
				ALWAYS_SEARCH_USER_PATHS = NO;
				CLANG_ANALYZER_NONNULL = YES;
				CLANG_ANALYZER_NUMBER_OBJECT_CONVERSION = YES_AGGRESSIVE;
				CLANG_CXX_LANGUAGE_STANDARD = "gnu++14";
				CLANG_CXX_LIBRARY = "libc++";
				CLANG_ENABLE_MODULES = YES;
				CLANG_ENABLE_OBJC_ARC = YES;
				CLANG_ENABLE_OBJC_WEAK = YES;
				CLANG_WARN_BLOCK_CAPTURE_AUTORELEASING = YES;
				CLANG_WARN_BOOL_CONVERSION = YES;
				CLANG_WARN_COMMA = YES;
				CLANG_WARN_CONSTANT_CONVERSION = YES;
				CLANG_WARN_DEPRECATED_OBJC_IMPLEMENTATIONS = YES;
				CLANG_WARN_DIRECT_OBJC_ISA_USAGE = YES_ERROR;
				CLANG_WARN_DOCUMENTATION_COMMENTS = YES;
				CLANG_WARN_EMPTY_BODY = YES;
				CLANG_WARN_ENUM_CONVERSION = YES;
				CLANG_WARN_INFINITE_RECURSION = YES;
				CLANG_WARN_INT_CONVERSION = YES;
				CLANG_WARN_NON_LITERAL_NULL_CONVERSION = YES;
				CLANG_WARN_OBJC_IMPLICIT_RETAIN_SELF = YES;
				CLANG_WARN_OBJC_LITERAL_CONVERSION = YES;
				CLANG_WARN_OBJC_ROOT_CLASS = YES_ERROR;
				CLANG_WARN_RANGE_LOOP_ANALYSIS = YES;
				CLANG_WARN_STRICT_PROTOTYPES = YES;
				CLANG_WARN_SUSPICIOUS_MOVE = YES;
				CLANG_WARN_UNGUARDED_AVAILABILITY = YES_AGGRESSIVE;
				CLANG_WARN_UNREACHABLE_CODE = YES;
				CLANG_WARN__DUPLICATE_METHOD_MATCH = YES;
				COPY_PHASE_STRIP = NO;
				DEBUG_INFORMATION_FORMAT = "dwarf-with-dsym";
				ENABLE_NS_ASSERTIONS = NO;
				ENABLE_STRICT_OBJC_MSGSEND = YES;
				GCC_C_LANGUAGE_STANDARD = gnu11;
				GCC_NO_COMMON_BLOCKS = YES;
				GCC_WARN_64_TO_32_BIT_CONVERSION = YES;
				GCC_WARN_ABOUT_RETURN_TYPE = YES_ERROR;
				GCC_WARN_UNDECLARED_SELECTOR = YES;
				GCC_WARN_UNINITIALIZED_AUTOS = YES_AGGRESSIVE;
				GCC_WARN_UNUSED_FUNCTION = YES;
				GCC_WARN_UNUSED_VARIABLE = YES;
				IPHONEOS_DEPLOYMENT_TARGET = 13.2;
				MTL_ENABLE_DEBUG_INFO = NO;
				MTL_FAST_MATH = YES;
				SDKROOT = iphoneos;
				SWIFT_COMPILATION_MODE = wholemodule;
				SWIFT_OPTIMIZATION_LEVEL = "-O";
				VALIDATE_PRODUCT = YES;
			};
			name = Release;
		};
		76A2AB2925006D5700E709A9 /* Debug */ = {
			isa = XCBuildConfiguration;
			buildSettings = {
				ASSETCATALOG_COMPILER_APPICON_NAME = AppIcon;
				CODE_SIGN_STYLE = Automatic;
				DEVELOPMENT_ASSET_PATHS = "\"I am rich SwiftUI/Preview Content\"";
				ENABLE_PREVIEWS = YES;
				INFOPLIST_FILE = "I am rich SwiftUI/Info.plist";
				LD_RUNPATH_SEARCH_PATHS = (
					"$(inherited)",
					"@executable_path/Frameworks",
				);
				PRODUCT_BUNDLE_IDENTIFIER = "pe.gadolfolfolozano.I-am-rich-SwiftUI";
				PRODUCT_NAME = "$(TARGET_NAME)";
				SWIFT_VERSION = 5.0;
				TARGETED_DEVICE_FAMILY = "1,2";
			};
			name = Debug;
		};
		76A2AB2A25006D5700E709A9 /* Release */ = {
			isa = XCBuildConfiguration;
			buildSettings = {
				ASSETCATALOG_COMPILER_APPICON_NAME = AppIcon;
				CODE_SIGN_STYLE = Automatic;
				DEVELOPMENT_ASSET_PATHS = "\"I am rich SwiftUI/Preview Content\"";
				ENABLE_PREVIEWS = YES;
				INFOPLIST_FILE = "I am rich SwiftUI/Info.plist";
				LD_RUNPATH_SEARCH_PATHS = (
					"$(inherited)",
					"@executable_path/Frameworks",
				);
				PRODUCT_BUNDLE_IDENTIFIER = "pe.gadolfolfolozano.I-am-rich-SwiftUI";
				PRODUCT_NAME = "$(TARGET_NAME)";
				SWIFT_VERSION = 5.0;
				TARGETED_DEVICE_FAMILY = "1,2";
			};
			name = Release;
		};
		76A2AB2C25006D5700E709A9 /* Debug */ = {
			isa = XCBuildConfiguration;
			buildSettings = {
				ALWAYS_EMBED_SWIFT_STANDARD_LIBRARIES = YES;
				BUNDLE_LOADER = "$(TEST_HOST)";
				CODE_SIGN_STYLE = Automatic;
				INFOPLIST_FILE = "I am rich SwiftUITests/Info.plist";
				IPHONEOS_DEPLOYMENT_TARGET = 13.2;
				LD_RUNPATH_SEARCH_PATHS = (
					"$(inherited)",
					"@executable_path/Frameworks",
					"@loader_path/Frameworks",
				);
				PRODUCT_BUNDLE_IDENTIFIER = "pe.gadolfolfolozano.I-am-rich-SwiftUITests";
				PRODUCT_NAME = "$(TARGET_NAME)";
				SWIFT_VERSION = 5.0;
				TARGETED_DEVICE_FAMILY = "1,2";
				TEST_HOST = "$(BUILT_PRODUCTS_DIR)/I am rich SwiftUI.app/I am rich SwiftUI";
			};
			name = Debug;
		};
		76A2AB2D25006D5700E709A9 /* Release */ = {
			isa = XCBuildConfiguration;
			buildSettings = {
				ALWAYS_EMBED_SWIFT_STANDARD_LIBRARIES = YES;
				BUNDLE_LOADER = "$(TEST_HOST)";
				CODE_SIGN_STYLE = Automatic;
				INFOPLIST_FILE = "I am rich SwiftUITests/Info.plist";
				IPHONEOS_DEPLOYMENT_TARGET = 13.2;
				LD_RUNPATH_SEARCH_PATHS = (
					"$(inherited)",
					"@executable_path/Frameworks",
					"@loader_path/Frameworks",
				);
				PRODUCT_BUNDLE_IDENTIFIER = "pe.gadolfolfolozano.I-am-rich-SwiftUITests";
				PRODUCT_NAME = "$(TARGET_NAME)";
				SWIFT_VERSION = 5.0;
				TARGETED_DEVICE_FAMILY = "1,2";
				TEST_HOST = "$(BUILT_PRODUCTS_DIR)/I am rich SwiftUI.app/I am rich SwiftUI";
			};
			name = Release;
		};
		76A2AB2F25006D5700E709A9 /* Debug */ = {
			isa = XCBuildConfiguration;
			buildSettings = {
				ALWAYS_EMBED_SWIFT_STANDARD_LIBRARIES = YES;
				CODE_SIGN_STYLE = Automatic;
				INFOPLIST_FILE = "I am rich SwiftUIUITests/Info.plist";
				LD_RUNPATH_SEARCH_PATHS = (
					"$(inherited)",
					"@executable_path/Frameworks",
					"@loader_path/Frameworks",
				);
				PRODUCT_BUNDLE_IDENTIFIER = "pe.gadolfolfolozano.I-am-rich-SwiftUIUITests";
				PRODUCT_NAME = "$(TARGET_NAME)";
				SWIFT_VERSION = 5.0;
				TARGETED_DEVICE_FAMILY = "1,2";
				TEST_TARGET_NAME = "I am rich SwiftUI";
			};
			name = Debug;
		};
		76A2AB3025006D5700E709A9 /* Release */ = {
			isa = XCBuildConfiguration;
			buildSettings = {
				ALWAYS_EMBED_SWIFT_STANDARD_LIBRARIES = YES;
				CODE_SIGN_STYLE = Automatic;
				INFOPLIST_FILE = "I am rich SwiftUIUITests/Info.plist";
				LD_RUNPATH_SEARCH_PATHS = (
					"$(inherited)",
					"@executable_path/Frameworks",
					"@loader_path/Frameworks",
				);
				PRODUCT_BUNDLE_IDENTIFIER = "pe.gadolfolfolozano.I-am-rich-SwiftUIUITests";
				PRODUCT_NAME = "$(TARGET_NAME)";
				SWIFT_VERSION = 5.0;
				TARGETED_DEVICE_FAMILY = "1,2";
				TEST_TARGET_NAME = "I am rich SwiftUI";
			};
			name = Release;
		};
/* End XCBuildConfiguration section */

/* Begin XCConfigurationList section */
		76A2AAF925006D5000E709A9 /* Build configuration list for PBXProject "I am rich SwiftUI" */ = {
			isa = XCConfigurationList;
			buildConfigurations = (
				76A2AB2625006D5700E709A9 /* Debug */,
				76A2AB2725006D5700E709A9 /* Release */,
			);
			defaultConfigurationIsVisible = 0;
			defaultConfigurationName = Release;
		};
		76A2AB2825006D5700E709A9 /* Build configuration list for PBXNativeTarget "I am rich SwiftUI" */ = {
			isa = XCConfigurationList;
			buildConfigurations = (
				76A2AB2925006D5700E709A9 /* Debug */,
				76A2AB2A25006D5700E709A9 /* Release */,
			);
			defaultConfigurationIsVisible = 0;
			defaultConfigurationName = Release;
		};
		76A2AB2B25006D5700E709A9 /* Build configuration list for PBXNativeTarget "I am rich SwiftUITests" */ = {
			isa = XCConfigurationList;
			buildConfigurations = (
				76A2AB2C25006D5700E709A9 /* Debug */,
				76A2AB2D25006D5700E709A9 /* Release */,
			);
			defaultConfigurationIsVisible = 0;
			defaultConfigurationName = Release;
		};
		76A2AB2E25006D5700E709A9 /* Build configuration list for PBXNativeTarget "I am rich SwiftUIUITests" */ = {
			isa = XCConfigurationList;
			buildConfigurations = (
				76A2AB2F25006D5700E709A9 /* Debug */,
				76A2AB3025006D5700E709A9 /* Release */,
			);
			defaultConfigurationIsVisible = 0;
			defaultConfigurationName = Release;
		};
/* End XCConfigurationList section */
	};
	rootObject = 76A2AAF625006D5000E709A9 /* Project object */;
}
